
Microsoft Visual Studio Solution File, Format Version 12.00
# Visual Studio Version 17
VisualStudioVersion = 17.1.32210.238
MinimumVisualStudioVersion = 10.0.40219.1
Project("{9A19103F-16F7-4668-BE54-9A1E7A4F7556}") = "EntidadesCs", "EntidadesCs\EntidadesCs.csproj", "{F9ABB711-4B59-4E09-AC89-468F032D0BBC}"
EndProject
Project("{778DAE3C-4631-46EA-AA77-85C1314464D9}") = "EntidadesVb", "EntidadesVb\EntidadesVb.vbproj", "{F6C7497C-4121-499E-8F00-3B4B498072ED}"
EndProject
Project("{FAE04EC0-301F-11D3-BF4B-00C04F79EFBC}") = "DemoCs", "DemoCs\DemoCs.csproj", "{916C98AE-F3C5-4B67-A3CA-96049E0B0D41}"
EndProject
Project("{F184B08F-C81C-45F6-A57F-5ABD9991F28F}") = "DemoVb", "DemoVb\DemoVb.vbproj", "{DA2395B7-B443-40E7-91B2-2ECBBED04B6A}"
EndProject
Global
	GlobalSection(SolutionConfigurationPlatforms) = preSolution
		Debug|Any CPU = Debug|Any CPU
		Release|Any CPU = Release|Any CPU
	EndGlobalSection
	GlobalSection(ProjectConfigurationPlatforms) = postSolution
		{F9ABB711-4B59-4E09-AC89-468F032D0BBC}.Debug|Any CPU.ActiveCfg = Debug|Any CPU
		{F9ABB711-4B59-4E09-AC89-468F032D0BBC}.Debug|Any CPU.Build.0 = Debug|Any CPU
		{F9ABB711-4B59-4E09-AC89-468F032D0BBC}.Release|Any CPU.ActiveCfg = Release|Any CPU
		{F9ABB711-4B59-4E09-AC89-468F032D0BBC}.Release|Any CPU.Build.0 = Release|Any CPU
		{F6C7497C-4121-499E-8F00-3B4B498072ED}.Debug|Any CPU.ActiveCfg = Debug|Any CPU
		{F6C7497C-4121-499E-8F00-3B4B498072ED}.Debug|Any CPU.Build.0 = Debug|Any CPU
		{F6C7497C-4121-499E-8F00-3B4B498072ED}.Release|Any CPU.ActiveCfg = Release|Any CPU
		{F6C7497C-4121-499E-8F00-3B4B498072ED}.Release|Any CPU.Build.0 = Release|Any CPU
		{916C98AE-F3C5-4B67-A3CA-96049E0B0D41}.Debug|Any CPU.ActiveCfg = Debug|Any CPU
		{916C98AE-F3C5-4B67-A3CA-96049E0B0D41}.Debug|Any CPU.Build.0 = Debug|Any CPU
		{916C98AE-F3C5-4B67-A3CA-96049E0B0D41}.Release|Any CPU.ActiveCfg = Release|Any CPU
		{916C98AE-F3C5-4B67-A3CA-96049E0B0D41}.Release|Any CPU.Build.0 = Release|Any CPU
		{DA2395B7-B443-40E7-91B2-2ECBBED04B6A}.Debug|Any CPU.ActiveCfg = Debug|Any CPU
		{DA2395B7-B443-40E7-91B2-2ECBBED04B6A}.Debug|Any CPU.Build.0 = Debug|Any CPU
		{DA2395B7-B443-40E7-91B2-2ECBBED04B6A}.Release|Any CPU.ActiveCfg = Release|Any CPU
		{DA2395B7-B443-40E7-91B2-2ECBBED04B6A}.Release|Any CPU.Build.0 = Release|Any CPU
	EndGlobalSection
	GlobalSection(SolutionProperties) = preSolution
		HideSolutionNode = FALSE
	EndGlobalSection
	GlobalSection(ExtensibilityGlobals) = postSolution
		SolutionGuid = {3D7BAEE9-4910-453F-B441-9E06397F639F}
	EndGlobalSection
EndGlobal
